
Microsoft Visual Studio Solution File, Format Version 12.00
# Visual Studio Version 16
VisualStudioVersion = 16.0.30204.135
MinimumVisualStudioVersion = 10.0.40219.1
Project("{FAE04EC0-301F-11D3-BF4B-00C04F79EFBC}") = "DataStructure", "DataStructure.csproj", "{DE31D939-E765-4255-83F4-17747099472A}"
EndProject
Project("{FAE04EC0-301F-11D3-BF4B-00C04F79EFBC}") = "JSonUtility", "..\JSonUtility\JSonUtility.csproj", "{29964417-DFED-4239-9A34-0C4E566521F0}"
EndProject
Project("{FAE04EC0-301F-11D3-BF4B-00C04F79EFBC}") = "TestJSonUtility", "..\TestJSonUtility\TestJSonUtility.csproj", "{59ACEAD7-7EFD-4A59-A176-AE9B3E7A53F2}"
EndProject
Global
	GlobalSection(SolutionConfigurationPlatforms) = preSolution
		Debug|Any CPU = Debug|Any CPU
		Release|Any CPU = Release|Any CPU
	EndGlobalSection
	GlobalSection(ProjectConfigurationPlatforms) = postSolution
		{DE31D939-E765-4255-83F4-17747099472A}.Debug|Any CPU.ActiveCfg = Debug|Any CPU
		{DE31D939-E765-4255-83F4-17747099472A}.Debug|Any CPU.Build.0 = Debug|Any CPU
		{DE31D939-E765-4255-83F4-17747099472A}.Release|Any CPU.ActiveCfg = Release|Any CPU
		{DE31D939-E765-4255-83F4-17747099472A}.Release|Any CPU.Build.0 = Release|Any CPU
		{29964417-DFED-4239-9A34-0C4E566521F0}.Debug|Any CPU.ActiveCfg = Debug|Any CPU
		{29964417-DFED-4239-9A34-0C4E566521F0}.Debug|Any CPU.Build.0 = Debug|Any CPU
		{29964417-DFED-4239-9A34-0C4E566521F0}.Release|Any CPU.ActiveCfg = Release|Any CPU
		{29964417-DFED-4239-9A34-0C4E566521F0}.Release|Any CPU.Build.0 = Release|Any CPU
		{59ACEAD7-7EFD-4A59-A176-AE9B3E7A53F2}.Debug|Any CPU.ActiveCfg = Debug|Any CPU
		{59ACEAD7-7EFD-4A59-A176-AE9B3E7A53F2}.Debug|Any CPU.Build.0 = Debug|Any CPU
		{59ACEAD7-7EFD-4A59-A176-AE9B3E7A53F2}.Release|Any CPU.ActiveCfg = Release|Any CPU
		{59ACEAD7-7EFD-4A59-A176-AE9B3E7A53F2}.Release|Any CPU.Build.0 = Release|Any CPU
	EndGlobalSection
	GlobalSection(SolutionProperties) = preSolution
		HideSolutionNode = FALSE
	EndGlobalSection
	GlobalSection(ExtensibilityGlobals) = postSolution
		SolutionGuid = {C83403A3-9C54-4DEF-B934-F17C6E644A6C}
	EndGlobalSection
EndGlobal
